Microsoft Visual Studio Solution File, Format Version 11.00
# Visual Studio 2008

Project("{8917B934-7410-5339-C6D5-3D22051C857E}") = "CartonProject", "Assembly-CSharp.csproj", "{8CB5CF80-27E0-E85A-CE3D-74284B38BD51}"
EndProject
Global
	GlobalSection(SolutionConfigurationPlatforms) = preSolution
		Debug|Any CPU = Debug|Any CPU
		Release|Any CPU = Release|Any CPU
	EndGlobalSection
	GlobalSection(ProjectConfigurationPlatforms) = postSolution
		{8CB5CF80-27E0-E85A-CE3D-74284B38BD51}.Debug|Any CPU.ActiveCfg = Debug|Any CPU
		{8CB5CF80-27E0-E85A-CE3D-74284B38BD51}.Debug|Any CPU.Build.0 = Debug|Any CPU
		{8CB5CF80-27E0-E85A-CE3D-74284B38BD51}.Release|Any CPU.ActiveCfg = Release|Any CPU
		{8CB5CF80-27E0-E85A-CE3D-74284B38BD51}.Release|Any CPU.Build.0 = Release|Any CPU
	EndGlobalSection
	GlobalSection(SolutionProperties) = preSolution
		HideSolutionNode = FALSE
	EndGlobalSection
	GlobalSection(MonoDevelopProperties) = preSolution
		StartupItem = Assembly-CSharp.csproj
	EndGlobalSection
EndGlobal
